
Microsoft Visual Studio Solution File, Format Version 12.00
# Visual Studio Version 17
VisualStudioVersion = 17.8.34330.188
MinimumVisualStudioVersion = 10.0.40219.1
Project("{FAE04EC0-301F-11D3-BF4B-00C04F79EFBC}") = "BandThreadToCPU", "BandThreadToCPU\BandThreadToCPU.csproj", "{28D38DA0-B2DC-4483-9A84-A377225C3CB8}"
EndProject
Global
	GlobalSection(SolutionConfigurationPlatforms) = preSolution
		Debug|Any CPU = Debug|Any CPU
		Release|Any CPU = Release|Any CPU
	EndGlobalSection
	GlobalSection(ProjectConfigurationPlatforms) = postSolution
		{28D38DA0-B2DC-4483-9A84-A377225C3CB8}.Debug|Any CPU.ActiveCfg = Debug|Any CPU
		{28D38DA0-B2DC-4483-9A84-A377225C3CB8}.Debug|Any CPU.Build.0 = Debug|Any CPU
		{28D38DA0-B2DC-4483-9A84-A377225C3CB8}.Release|Any CPU.ActiveCfg = Release|Any CPU
		{28D38DA0-B2DC-4483-9A84-A377225C3CB8}.Release|Any CPU.Build.0 = Release|Any CPU
	EndGlobalSection
	GlobalSection(SolutionProperties) = preSolution
		HideSolutionNode = FALSE
	EndGlobalSection
	GlobalSection(ExtensibilityGlobals) = postSolution
		SolutionGuid = {4F28A84A-F697-4F33-B621-6C974692540B}
	EndGlobalSection
EndGlobal
