
Microsoft Visual Studio Solution File, Format Version 12.00
# Visual Studio Version 17
VisualStudioVersion = 17.9.34728.123
MinimumVisualStudioVersion = 10.0.40219.1
Project("{FAE04EC0-301F-11D3-BF4B-00C04F79EFBC}") = "AvaloniaLineAnimation", "AvaloniaLineAnimation\AvaloniaLineAnimation.csproj", "{111A93F5-A7DB-490B-AE16-E13365AB7E98}"
EndProject
Global
	GlobalSection(SolutionConfigurationPlatforms) = preSolution
		Debug|Any CPU = Debug|Any CPU
		Release|Any CPU = Release|Any CPU
	EndGlobalSection
	GlobalSection(ProjectConfigurationPlatforms) = postSolution
		{111A93F5-A7DB-490B-AE16-E13365AB7E98}.Debug|Any CPU.ActiveCfg = Debug|Any CPU
		{111A93F5-A7DB-490B-AE16-E13365AB7E98}.Debug|Any CPU.Build.0 = Debug|Any CPU
		{111A93F5-A7DB-490B-AE16-E13365AB7E98}.Release|Any CPU.ActiveCfg = Release|Any CPU
		{111A93F5-A7DB-490B-AE16-E13365AB7E98}.Release|Any CPU.Build.0 = Release|Any CPU
	EndGlobalSection
	GlobalSection(SolutionProperties) = preSolution
		HideSolutionNode = FALSE
	EndGlobalSection
	GlobalSection(ExtensibilityGlobals) = postSolution
		SolutionGuid = {A9541C0B-080F-4C13-8E84-B2395366EC54}
	EndGlobalSection
EndGlobal
